
Microsoft Visual Studio Solution File, Format Version 12.00
# Visual Studio Version 17
VisualStudioVersion = 17.3.32804.467
MinimumVisualStudioVersion = 10.0.40219.1
Project("{9A19103F-16F7-4668-BE54-9A1E7A4F7556}") = "ConsoleApiClient", "ConsoleApiClient\ConsoleApiClient.csproj", "{E1F802DC-FE16-4D29-B90E-0CAA491E9AD0}"
EndProject
Project("{9A19103F-16F7-4668-BE54-9A1E7A4F7556}") = "TDDDemo", "TDDDemo\TDDDemo.csproj", "{D14042F1-47DC-430C-B363-D08BF8526F13}"
EndProject
Project("{9A19103F-16F7-4668-BE54-9A1E7A4F7556}") = "LibraryApi", "LibraryApi\LibraryApi.csproj", "{7CC89AD6-6F83-473D-ADEA-ED1C45A59319}"
EndProject
Project("{FAE04EC0-301F-11D3-BF4B-00C04F79EFBC}") = "LibraryAPI.Test", "LibraryAPI.Test\LibraryAPI.Test.csproj", "{0B8989AC-08B0-48F0-B496-FC4E7E137D37}"
EndProject
Project("{9A19103F-16F7-4668-BE54-9A1E7A4F7556}") = "WebAppDETAug2022", "..\..\..\Downloads\WebAppDETAug2022-master\WebAppDETAug2022\WebAppDETAug2022.csproj", "{6A77C5A9-4632-408A-8EA1-F37A77847330}"
EndProject
Project("{9A19103F-16F7-4668-BE54-9A1E7A4F7556}") = "MVCDemo", "..\..\..\Downloads\WebAppDETAug2022-master\MVCDemo\MVCDemo.csproj", "{DC29E536-96AE-4C5F-A46E-A8246E709B5C}"
EndProject
Project("{9A19103F-16F7-4668-BE54-9A1E7A4F7556}") = "APIDemo", "..\..\..\Downloads\WebAppDETAug2022-master\APIDemo\APIDemo.csproj", "{BF332B3D-C5CB-419A-81EF-D4939C9510DE}"
EndProject
Project("{9A19103F-16F7-4668-BE54-9A1E7A4F7556}") = "TodoApi", "..\..\..\Downloads\WebAppDETAug2022-master\TodoApi\TodoApi.csproj", "{785EABA7-D180-489E-9C66-0F284804AD6A}"
EndProject
Global
	GlobalSection(SolutionConfigurationPlatforms) = preSolution
		Debug|Any CPU = Debug|Any CPU
		Release|Any CPU = Release|Any CPU
	EndGlobalSection
	GlobalSection(ProjectConfigurationPlatforms) = postSolution
		{E1F802DC-FE16-4D29-B90E-0CAA491E9AD0}.Debug|Any CPU.ActiveCfg = Debug|Any CPU
		{E1F802DC-FE16-4D29-B90E-0CAA491E9AD0}.Debug|Any CPU.Build.0 = Debug|Any CPU
		{E1F802DC-FE16-4D29-B90E-0CAA491E9AD0}.Release|Any CPU.ActiveCfg = Release|Any CPU
		{E1F802DC-FE16-4D29-B90E-0CAA491E9AD0}.Release|Any CPU.Build.0 = Release|Any CPU
		{D14042F1-47DC-430C-B363-D08BF8526F13}.Debug|Any CPU.ActiveCfg = Debug|Any CPU
		{D14042F1-47DC-430C-B363-D08BF8526F13}.Debug|Any CPU.Build.0 = Debug|Any CPU
		{D14042F1-47DC-430C-B363-D08BF8526F13}.Release|Any CPU.ActiveCfg = Release|Any CPU
		{D14042F1-47DC-430C-B363-D08BF8526F13}.Release|Any CPU.Build.0 = Release|Any CPU
		{7CC89AD6-6F83-473D-ADEA-ED1C45A59319}.Debug|Any CPU.ActiveCfg = Debug|Any CPU
		{7CC89AD6-6F83-473D-ADEA-ED1C45A59319}.Debug|Any CPU.Build.0 = Debug|Any CPU
		{7CC89AD6-6F83-473D-ADEA-ED1C45A59319}.Release|Any CPU.ActiveCfg = Release|Any CPU
		{7CC89AD6-6F83-473D-ADEA-ED1C45A59319}.Release|Any CPU.Build.0 = Release|Any CPU
		{0B8989AC-08B0-48F0-B496-FC4E7E137D37}.Debug|Any CPU.ActiveCfg = Debug|Any CPU
		{0B8989AC-08B0-48F0-B496-FC4E7E137D37}.Debug|Any CPU.Build.0 = Debug|Any CPU
		{0B8989AC-08B0-48F0-B496-FC4E7E137D37}.Release|Any CPU.ActiveCfg = Release|Any CPU
		{0B8989AC-08B0-48F0-B496-FC4E7E137D37}.Release|Any CPU.Build.0 = Release|Any CPU
		{6A77C5A9-4632-408A-8EA1-F37A77847330}.Debug|Any CPU.ActiveCfg = Debug|Any CPU
		{6A77C5A9-4632-408A-8EA1-F37A77847330}.Debug|Any CPU.Build.0 = Debug|Any CPU
		{6A77C5A9-4632-408A-8EA1-F37A77847330}.Release|Any CPU.ActiveCfg = Release|Any CPU
		{6A77C5A9-4632-408A-8EA1-F37A77847330}.Release|Any CPU.Build.0 = Release|Any CPU
		{DC29E536-96AE-4C5F-A46E-A8246E709B5C}.Debug|Any CPU.ActiveCfg = Debug|Any CPU
		{DC29E536-96AE-4C5F-A46E-A8246E709B5C}.Debug|Any CPU.Build.0 = Debug|Any CPU
		{DC29E536-96AE-4C5F-A46E-A8246E709B5C}.Release|Any CPU.ActiveCfg = Release|Any CPU
		{DC29E536-96AE-4C5F-A46E-A8246E709B5C}.Release|Any CPU.Build.0 = Release|Any CPU
		{BF332B3D-C5CB-419A-81EF-D4939C9510DE}.Debug|Any CPU.ActiveCfg = Debug|Any CPU
		{BF332B3D-C5CB-419A-81EF-D4939C9510DE}.Debug|Any CPU.Build.0 = Debug|Any CPU
		{BF332B3D-C5CB-419A-81EF-D4939C9510DE}.Release|Any CPU.ActiveCfg = Release|Any CPU
		{BF332B3D-C5CB-419A-81EF-D4939C9510DE}.Release|Any CPU.Build.0 = Release|Any CPU
		{785EABA7-D180-489E-9C66-0F284804AD6A}.Debug|Any CPU.ActiveCfg = Debug|Any CPU
		{785EABA7-D180-489E-9C66-0F284804AD6A}.Debug|Any CPU.Build.0 = Debug|Any CPU
		{785EABA7-D180-489E-9C66-0F284804AD6A}.Release|Any CPU.ActiveCfg = Release|Any CPU
		{785EABA7-D180-489E-9C66-0F284804AD6A}.Release|Any CPU.Build.0 = Release|Any CPU
	EndGlobalSection
	GlobalSection(SolutionProperties) = preSolution
		HideSolutionNode = FALSE
	EndGlobalSection
	GlobalSection(ExtensibilityGlobals) = postSolution
		SolutionGuid = {089B14BA-A017-403F-8868-325362E1DF32}
	EndGlobalSection
EndGlobal
