
Microsoft Visual Studio Solution File, Format Version 12.00
# Visual Studio Version 17
VisualStudioVersion = 17.3.32804.467
MinimumVisualStudioVersion = 10.0.40219.1
Project("{9A19103F-16F7-4668-BE54-9A1E7A4F7556}") = "WebAppDETAug2022", "WebAppDETAug2022\WebAppDETAug2022.csproj", "{32D83926-4633-4331-8FE1-09260679266B}"
EndProject
Project("{9A19103F-16F7-4668-BE54-9A1E7A4F7556}") = "MVCDemo", "MVCDemo\MVCDemo.csproj", "{D515566E-0BFD-4C3E-8ABF-5EE209C57E55}"
EndProject
Project("{9A19103F-16F7-4668-BE54-9A1E7A4F7556}") = "aspnetcoreapp", "aspnetcoreapp\aspnetcoreapp.csproj", "{51A58312-2069-4D86-BE4F-2A39F8D077F6}"
EndProject
Project("{FAE04EC0-301F-11D3-BF4B-00C04F79EFBC}") = "APIDemo", "APIDemo\APIDemo.csproj", "{E1242AF7-A807-4F90-845A-0F4306E91630}"
EndProject
Project("{FAE04EC0-301F-11D3-BF4B-00C04F79EFBC}") = "ConsoleApiClient", "ConsoleApiClient\ConsoleApiClient.csproj", "{E1F802DC-FE16-4D29-B90E-0CAA491E9AD0}"
EndProject
Project("{FAE04EC0-301F-11D3-BF4B-00C04F79EFBC}") = "TodoApi", "TodoApi\TodoApi.csproj", "{3E1BB37E-0CD9-4C2B-A7BD-FDA3DA6CDE4B}"
EndProject
Global
	GlobalSection(SolutionConfigurationPlatforms) = preSolution
		Debug|Any CPU = Debug|Any CPU
		Release|Any CPU = Release|Any CPU
	EndGlobalSection
	GlobalSection(ProjectConfigurationPlatforms) = postSolution
		{32D83926-4633-4331-8FE1-09260679266B}.Debug|Any CPU.ActiveCfg = Debug|Any CPU
		{32D83926-4633-4331-8FE1-09260679266B}.Debug|Any CPU.Build.0 = Debug|Any CPU
		{32D83926-4633-4331-8FE1-09260679266B}.Release|Any CPU.ActiveCfg = Release|Any CPU
		{32D83926-4633-4331-8FE1-09260679266B}.Release|Any CPU.Build.0 = Release|Any CPU
		{D515566E-0BFD-4C3E-8ABF-5EE209C57E55}.Debug|Any CPU.ActiveCfg = Debug|Any CPU
		{D515566E-0BFD-4C3E-8ABF-5EE209C57E55}.Debug|Any CPU.Build.0 = Debug|Any CPU
		{D515566E-0BFD-4C3E-8ABF-5EE209C57E55}.Release|Any CPU.ActiveCfg = Release|Any CPU
		{D515566E-0BFD-4C3E-8ABF-5EE209C57E55}.Release|Any CPU.Build.0 = Release|Any CPU
		{51A58312-2069-4D86-BE4F-2A39F8D077F6}.Debug|Any CPU.ActiveCfg = Debug|Any CPU
		{51A58312-2069-4D86-BE4F-2A39F8D077F6}.Debug|Any CPU.Build.0 = Debug|Any CPU
		{51A58312-2069-4D86-BE4F-2A39F8D077F6}.Release|Any CPU.ActiveCfg = Release|Any CPU
		{51A58312-2069-4D86-BE4F-2A39F8D077F6}.Release|Any CPU.Build.0 = Release|Any CPU
		{E1242AF7-A807-4F90-845A-0F4306E91630}.Debug|Any CPU.ActiveCfg = Debug|Any CPU
		{E1242AF7-A807-4F90-845A-0F4306E91630}.Debug|Any CPU.Build.0 = Debug|Any CPU
		{E1242AF7-A807-4F90-845A-0F4306E91630}.Release|Any CPU.ActiveCfg = Release|Any CPU
		{E1242AF7-A807-4F90-845A-0F4306E91630}.Release|Any CPU.Build.0 = Release|Any CPU
		{E1F802DC-FE16-4D29-B90E-0CAA491E9AD0}.Debug|Any CPU.ActiveCfg = Debug|Any CPU
		{E1F802DC-FE16-4D29-B90E-0CAA491E9AD0}.Debug|Any CPU.Build.0 = Debug|Any CPU
		{E1F802DC-FE16-4D29-B90E-0CAA491E9AD0}.Release|Any CPU.ActiveCfg = Release|Any CPU
		{E1F802DC-FE16-4D29-B90E-0CAA491E9AD0}.Release|Any CPU.Build.0 = Release|Any CPU
		{3E1BB37E-0CD9-4C2B-A7BD-FDA3DA6CDE4B}.Debug|Any CPU.ActiveCfg = Debug|Any CPU
		{3E1BB37E-0CD9-4C2B-A7BD-FDA3DA6CDE4B}.Debug|Any CPU.Build.0 = Debug|Any CPU
		{3E1BB37E-0CD9-4C2B-A7BD-FDA3DA6CDE4B}.Release|Any CPU.ActiveCfg = Release|Any CPU
		{3E1BB37E-0CD9-4C2B-A7BD-FDA3DA6CDE4B}.Release|Any CPU.Build.0 = Release|Any CPU
	EndGlobalSection
	GlobalSection(SolutionProperties) = preSolution
		HideSolutionNode = FALSE
	EndGlobalSection
	GlobalSection(ExtensibilityGlobals) = postSolution
		SolutionGuid = {089B14BA-A017-403F-8868-325362E1DF32}
	EndGlobalSection
EndGlobal
